
Microsoft Visual Studio Solution File, Format Version 12.00
# Visual Studio Version 16
VisualStudioVersion = 16.0.29324.140
MinimumVisualStudioVersion = 10.0.40219.1
Project("{8BC9CEB8-8B4A-11D0-8D11-00A0C91BC942}") = "ECLplus", "ECLplus\ECLplus.vcxproj", "{A2A99CEA-AC5D-4E52-8F8B-2AD325769416}"
EndProject
Project("{8BC9CEB8-8B4A-11D0-8D11-00A0C91BC942}") = "ECLplusLoader", "ECLplusLoader\ECLplusLoader.vcxproj", "{60AC17D8-4E91-49B9-A36D-950FE7140CE4}"
EndProject
Global
	GlobalSection(SolutionConfigurationPlatforms) = preSolution
		Debug|x64 = Debug|x64
		Debug|x86 = Debug|x86
		Debug-dev|x64 = Debug-dev|x64
		Debug-dev|x86 = Debug-dev|x86
		Release|x64 = Release|x64
		Release|x86 = Release|x86
		Release-dev|x64 = Release-dev|x64
		Release-dev|x86 = Release-dev|x86
	EndGlobalSection
	GlobalSection(ProjectConfigurationPlatforms) = postSolution
		{A2A99CEA-AC5D-4E52-8F8B-2AD325769416}.Debug|x64.ActiveCfg = Debug|x64
		{A2A99CEA-AC5D-4E52-8F8B-2AD325769416}.Debug|x64.Build.0 = Debug|x64
		{A2A99CEA-AC5D-4E52-8F8B-2AD325769416}.Debug|x86.ActiveCfg = Debug|Win32
		{A2A99CEA-AC5D-4E52-8F8B-2AD325769416}.Debug|x86.Build.0 = Debug|Win32
		{A2A99CEA-AC5D-4E52-8F8B-2AD325769416}.Debug-dev|x64.ActiveCfg = Debug-dev|x64
		{A2A99CEA-AC5D-4E52-8F8B-2AD325769416}.Debug-dev|x64.Build.0 = Debug-dev|x64
		{A2A99CEA-AC5D-4E52-8F8B-2AD325769416}.Debug-dev|x86.ActiveCfg = Debug-dev|Win32
		{A2A99CEA-AC5D-4E52-8F8B-2AD325769416}.Debug-dev|x86.Build.0 = Debug-dev|Win32
		{A2A99CEA-AC5D-4E52-8F8B-2AD325769416}.Release|x64.ActiveCfg = Release|x64
		{A2A99CEA-AC5D-4E52-8F8B-2AD325769416}.Release|x64.Build.0 = Release|x64
		{A2A99CEA-AC5D-4E52-8F8B-2AD325769416}.Release|x86.ActiveCfg = Release|Win32
		{A2A99CEA-AC5D-4E52-8F8B-2AD325769416}.Release|x86.Build.0 = Release|Win32
		{A2A99CEA-AC5D-4E52-8F8B-2AD325769416}.Release-dev|x64.ActiveCfg = Release-dev|x64
		{A2A99CEA-AC5D-4E52-8F8B-2AD325769416}.Release-dev|x64.Build.0 = Release-dev|x64
		{A2A99CEA-AC5D-4E52-8F8B-2AD325769416}.Release-dev|x86.ActiveCfg = Release-dev|Win32
		{A2A99CEA-AC5D-4E52-8F8B-2AD325769416}.Release-dev|x86.Build.0 = Release-dev|Win32
		{60AC17D8-4E91-49B9-A36D-950FE7140CE4}.Debug|x64.ActiveCfg = Debug|x64
		{60AC17D8-4E91-49B9-A36D-950FE7140CE4}.Debug|x64.Build.0 = Debug|x64
		{60AC17D8-4E91-49B9-A36D-950FE7140CE4}.Debug|x86.ActiveCfg = Debug|Win32
		{60AC17D8-4E91-49B9-A36D-950FE7140CE4}.Debug|x86.Build.0 = Debug|Win32
		{60AC17D8-4E91-49B9-A36D-950FE7140CE4}.Debug-dev|x64.ActiveCfg = Debug|x64
		{60AC17D8-4E91-49B9-A36D-950FE7140CE4}.Debug-dev|x64.Build.0 = Debug|x64
		{60AC17D8-4E91-49B9-A36D-950FE7140CE4}.Debug-dev|x86.ActiveCfg = Debug|Win32
		{60AC17D8-4E91-49B9-A36D-950FE7140CE4}.Debug-dev|x86.Build.0 = Debug|Win32
		{60AC17D8-4E91-49B9-A36D-950FE7140CE4}.Release|x64.ActiveCfg = Release|x64
		{60AC17D8-4E91-49B9-A36D-950FE7140CE4}.Release|x64.Build.0 = Release|x64
		{60AC17D8-4E91-49B9-A36D-950FE7140CE4}.Release|x86.ActiveCfg = Release|Win32
		{60AC17D8-4E91-49B9-A36D-950FE7140CE4}.Release|x86.Build.0 = Release|Win32
		{60AC17D8-4E91-49B9-A36D-950FE7140CE4}.Release-dev|x64.ActiveCfg = Release-dev|x64
		{60AC17D8-4E91-49B9-A36D-950FE7140CE4}.Release-dev|x64.Build.0 = Release-dev|x64
		{60AC17D8-4E91-49B9-A36D-950FE7140CE4}.Release-dev|x86.ActiveCfg = Release-dev|Win32
		{60AC17D8-4E91-49B9-A36D-950FE7140CE4}.Release-dev|x86.Build.0 = Release-dev|Win32
	EndGlobalSection
	GlobalSection(SolutionProperties) = preSolution
		HideSolutionNode = FALSE
	EndGlobalSection
	GlobalSection(ExtensibilityGlobals) = postSolution
		SolutionGuid = {25AA32FB-5065-41BA-A3A4-F38852AFE851}
	EndGlobalSection
EndGlobal
